
Microsoft Visual Studio Solution File, Format Version 12.00
# Visual Studio Version 17
VisualStudioVersion = 17.14.36616.10 d17.14
MinimumVisualStudioVersion = 10.0.40219.1
Project("{FAE04EC0-301F-11D3-BF4B-00C04F79EFBC}") = "DATH_DH52302115", "DATH_DH52302115\DATH_DH52302115.csproj", "{11F484BE-B19E-4BFA-A6D4-979FFE9E20F0}"
EndProject
Global
	GlobalSection(SolutionConfigurationPlatforms) = preSolution
		Debug|Any CPU = Debug|Any CPU
		Release|Any CPU = Release|Any CPU
	EndGlobalSection
	GlobalSection(ProjectConfigurationPlatforms) = postSolution
		{11F484BE-B19E-4BFA-A6D4-979FFE9E20F0}.Debug|Any CPU.ActiveCfg = Debug|Any CPU
		{11F484BE-B19E-4BFA-A6D4-979FFE9E20F0}.Debug|Any CPU.Build.0 = Debug|Any CPU
		{11F484BE-B19E-4BFA-A6D4-979FFE9E20F0}.Release|Any CPU.ActiveCfg = Release|Any CPU
		{11F484BE-B19E-4BFA-A6D4-979FFE9E20F0}.Release|Any CPU.Build.0 = Release|Any CPU
	EndGlobalSection
	GlobalSection(SolutionProperties) = preSolution
		HideSolutionNode = FALSE
	EndGlobalSection
	GlobalSection(ExtensibilityGlobals) = postSolution
		SolutionGuid = {54D2AD65-6607-4FFA-86F6-939948D0B6B9}
	EndGlobalSection
EndGlobal
